// !$*UTF8*$!
{
	archiveVersion = 1;
	classes = {
	};
	objectVersion = 63;
	objects = {

/* Begin PBXBuildFile section */
		A95CBBBC2CCC1B0A004C51FA /* FetchRecipeApp.swift in Sources */ = {isa = PBXBuildFile; fileRef = A95CBBB92CCC1B0A004C51FA /* FetchRecipeApp.swift */; };
		A95CBBBD2CCC1B0A004C51FA /* Preview Assets.xcassets in Resources */ = {isa = PBXBuildFile; fileRef = A95CBBB52CCC1B0A004C51FA /* Preview Assets.xcassets */; };
		A95CBBBE2CCC1B0A004C51FA /* Assets.xcassets in Resources */ = {isa = PBXBuildFile; fileRef = A95CBBB72CCC1B0A004C51FA /* Assets.xcassets */; };
		A95CBBC12CCC1B0D004C51FA /* FetchRecipeAppTests.swift in Sources */ = {isa = PBXBuildFile; fileRef = A95CBBBF2CCC1B0D004C51FA /* FetchRecipeAppTests.swift */; };
		A95CBBC82CCC1C55004C51FA /* RecipeDataModel.swift in Sources */ = {isa = PBXBuildFile; fileRef = A95CBBC72CCC1C55004C51FA /* RecipeDataModel.swift */; };
		A95CBBCA2CCC1C7C004C51FA /* RecipeViewModel.swift in Sources */ = {isa = PBXBuildFile; fileRef = A95CBBC92CCC1C7C004C51FA /* RecipeViewModel.swift */; };
		A95CBBCC2CCC1C95004C51FA /* RecipeView.swift in Sources */ = {isa = PBXBuildFile; fileRef = A95CBBCB2CCC1C95004C51FA /* RecipeView.swift */; };
		A95CBBCE2CCC877E004C51FA /* RecipeRow.swift in Sources */ = {isa = PBXBuildFile; fileRef = A95CBBCD2CCC877E004C51FA /* RecipeRow.swift */; };
		A95CBBD02CCC9366004C51FA /* NewtorkServiceAPI.swift in Sources */ = {isa = PBXBuildFile; fileRef = A95CBBCF2CCC9366004C51FA /* NewtorkServiceAPI.swift */; };
		A95CBBD22CCD4C63004C51FA /* ImageServiceAPI.swift in Sources */ = {isa = PBXBuildFile; fileRef = A95CBBD12CCD4C63004C51FA /* ImageServiceAPI.swift */; };
		A9ADFDE32CD15E980082B937 /* RecipeDetailView.swift in Sources */ = {isa = PBXBuildFile; fileRef = A9ADFDE22CD15E980082B937 /* RecipeDetailView.swift */; };
		E4FC31C16E344E45588B6BAA /* Pods_FetchRecipeApp.framework in Frameworks */ = {isa = PBXBuildFile; fileRef = 4647F7C2EEF3F5A5527A55F1 /* Pods_FetchRecipeApp.framework */; };
/* End PBXBuildFile section */

/* Begin PBXContainerItemProxy section */
		A95CBB8A2CCC18CA004C51FA /* PBXContainerItemProxy */ = {
			isa = PBXContainerItemProxy;
			containerPortal = A95CBB712CCC18C8004C51FA /* Project object */;
			proxyType = 1;
			remoteGlobalIDString = A95CBB782CCC18C8004C51FA;
			remoteInfo = FetchRecipeApp;
		};
/* End PBXContainerItemProxy section */

/* Begin PBXFileReference section */
		17E687C66F62B40F82AEBCA2 /* Pods-FetchRecipeApp.debug.xcconfig */ = {isa = PBXFileReference; includeInIndex = 1; lastKnownFileType = text.xcconfig; name = "Pods-FetchRecipeApp.debug.xcconfig"; path = "Target Support Files/Pods-FetchRecipeApp/Pods-FetchRecipeApp.debug.xcconfig"; sourceTree = "<group>"; };
		4647F7C2EEF3F5A5527A55F1 /* Pods_FetchRecipeApp.framework */ = {isa = PBXFileReference; explicitFileType = wrapper.framework; includeInIndex = 0; path = Pods_FetchRecipeApp.framework; sourceTree = BUILT_PRODUCTS_DIR; };
		8E242583B751B021F299C554 /* Pods-FetchRecipeApp.release.xcconfig */ = {isa = PBXFileReference; includeInIndex = 1; lastKnownFileType = text.xcconfig; name = "Pods-FetchRecipeApp.release.xcconfig"; path = "Target Support Files/Pods-FetchRecipeApp/Pods-FetchRecipeApp.release.xcconfig"; sourceTree = "<group>"; };
		A95CBB792CCC18C8004C51FA /* FetchRecipeApp.app */ = {isa = PBXFileReference; explicitFileType = wrapper.application; includeInIndex = 0; path = FetchRecipeApp.app; sourceTree = BUILT_PRODUCTS_DIR; };
		A95CBB892CCC18CA004C51FA /* FetchRecipeAppTests.xctest */ = {isa = PBXFileReference; explicitFileType = wrapper.cfbundle; includeInIndex = 0; path = FetchRecipeAppTests.xctest; sourceTree = BUILT_PRODUCTS_DIR; };
		A95CBBB52CCC1B0A004C51FA /* Preview Assets.xcassets */ = {isa = PBXFileReference; lastKnownFileType = folder.assetcatalog; path = "Preview Assets.xcassets"; sourceTree = "<group>"; };
		A95CBBB72CCC1B0A004C51FA /* Assets.xcassets */ = {isa = PBXFileReference; lastKnownFileType = folder.assetcatalog; path = Assets.xcassets; sourceTree = "<group>"; };
		A95CBBB92CCC1B0A004C51FA /* FetchRecipeApp.swift */ = {isa = PBXFileReference; lastKnownFileType = sourcecode.swift; path = FetchRecipeApp.swift; sourceTree = "<group>"; };
		A95CBBBF2CCC1B0D004C51FA /* FetchRecipeAppTests.swift */ = {isa = PBXFileReference; lastKnownFileType = sourcecode.swift; path = FetchRecipeAppTests.swift; sourceTree = "<group>"; };
		A95CBBC72CCC1C55004C51FA /* RecipeDataModel.swift */ = {isa = PBXFileReference; lastKnownFileType = sourcecode.swift; path = RecipeDataModel.swift; sourceTree = "<group>"; };
		A95CBBC92CCC1C7C004C51FA /* RecipeViewModel.swift */ = {isa = PBXFileReference; lastKnownFileType = sourcecode.swift; path = RecipeViewModel.swift; sourceTree = "<group>"; };
		A95CBBCB2CCC1C95004C51FA /* RecipeView.swift */ = {isa = PBXFileReference; lastKnownFileType = sourcecode.swift; path = RecipeView.swift; sourceTree = "<group>"; };
		A95CBBCD2CCC877E004C51FA /* RecipeRow.swift */ = {isa = PBXFileReference; lastKnownFileType = sourcecode.swift; path = RecipeRow.swift; sourceTree = "<group>"; };
		A95CBBCF2CCC9366004C51FA /* NewtorkServiceAPI.swift */ = {isa = PBXFileReference; lastKnownFileType = sourcecode.swift; path = NewtorkServiceAPI.swift; sourceTree = "<group>"; };
		A95CBBD12CCD4C63004C51FA /* ImageServiceAPI.swift */ = {isa = PBXFileReference; lastKnownFileType = sourcecode.swift; path = ImageServiceAPI.swift; sourceTree = "<group>"; };
		A9ADFDE22CD15E980082B937 /* RecipeDetailView.swift */ = {isa = PBXFileReference; lastKnownFileType = sourcecode.swift; path = RecipeDetailView.swift; sourceTree = "<group>"; };
/* End PBXFileReference section */

/* Begin PBXFrameworksBuildPhase section */
		A95CBB762CCC18C8004C51FA /* Frameworks */ = {
			isa = PBXFrameworksBuildPhase;
			buildActionMask = 2147483647;
			files = (
				E4FC31C16E344E45588B6BAA /* Pods_FetchRecipeApp.framework in Frameworks */,
			);
			runOnlyForDeploymentPostprocessing = 0;
		};
		A95CBB862CCC18CA004C51FA /* Frameworks */ = {
			isa = PBXFrameworksBuildPhase;
			buildActionMask = 2147483647;
			files = (
			);
			runOnlyForDeploymentPostprocessing = 0;
		};
/* End PBXFrameworksBuildPhase section */

/* Begin PBXGroup section */
		292C3A41E581647EC3E563B8 /* Pods */ = {
			isa = PBXGroup;
			children = (
				17E687C66F62B40F82AEBCA2 /* Pods-FetchRecipeApp.debug.xcconfig */,
				8E242583B751B021F299C554 /* Pods-FetchRecipeApp.release.xcconfig */,
			);
			path = Pods;
			sourceTree = "<group>";
		};
		A95CBB702CCC18C8004C51FA = {
			isa = PBXGroup;
			children = (
				A95CBBBA2CCC1B0A004C51FA /* FetchRecipeApp */,
				A95CBBC02CCC1B0D004C51FA /* FetchRecipeAppTests */,
				A95CBB7A2CCC18C8004C51FA /* Products */,
				292C3A41E581647EC3E563B8 /* Pods */,
				F5C0E2010655FF0979F6587F /* Frameworks */,
			);
			sourceTree = "<group>";
		};
		A95CBB7A2CCC18C8004C51FA /* Products */ = {
			isa = PBXGroup;
			children = (
				A95CBB792CCC18C8004C51FA /* FetchRecipeApp.app */,
				A95CBB892CCC18CA004C51FA /* FetchRecipeAppTests.xctest */,
			);
			name = Products;
			sourceTree = "<group>";
		};
		A95CBBB62CCC1B0A004C51FA /* Preview Content */ = {
			isa = PBXGroup;
			children = (
				A95CBBB52CCC1B0A004C51FA /* Preview Assets.xcassets */,
			);
			path = "Preview Content";
			sourceTree = "<group>";
		};
		A95CBBBA2CCC1B0A004C51FA /* FetchRecipeApp */ = {
			isa = PBXGroup;
			children = (
				A95CBBB62CCC1B0A004C51FA /* Preview Content */,
				A95CBBB72CCC1B0A004C51FA /* Assets.xcassets */,
				A95CBBB92CCC1B0A004C51FA /* FetchRecipeApp.swift */,
				A9ADFDDF2CD15BF40082B937 /* Data Model */,
				A9ADFDE02CD15C0A0082B937 /* View Model */,
				A9ADFDE12CD15C1D0082B937 /* View */,
				A9ADFDDE2CD15BDD0082B937 /* API */,
			);
			path = FetchRecipeApp;
			sourceTree = "<group>";
		};
		A95CBBC02CCC1B0D004C51FA /* FetchRecipeAppTests */ = {
			isa = PBXGroup;
			children = (
				A95CBBBF2CCC1B0D004C51FA /* FetchRecipeAppTests.swift */,
			);
			path = FetchRecipeAppTests;
			sourceTree = "<group>";
		};
		A9ADFDDE2CD15BDD0082B937 /* API */ = {
			isa = PBXGroup;
			children = (
				A95CBBCF2CCC9366004C51FA /* NewtorkServiceAPI.swift */,
				A95CBBD12CCD4C63004C51FA /* ImageServiceAPI.swift */,
			);
			path = API;
			sourceTree = "<group>";
		};
		A9ADFDDF2CD15BF40082B937 /* Data Model */ = {
			isa = PBXGroup;
			children = (
				A95CBBC72CCC1C55004C51FA /* RecipeDataModel.swift */,
			);
			path = "Data Model";
			sourceTree = "<group>";
		};
		A9ADFDE02CD15C0A0082B937 /* View Model */ = {
			isa = PBXGroup;
			children = (
				A95CBBC92CCC1C7C004C51FA /* RecipeViewModel.swift */,
			);
			path = "View Model";
			sourceTree = "<group>";
		};
		A9ADFDE12CD15C1D0082B937 /* View */ = {
			isa = PBXGroup;
			children = (
				A95CBBCB2CCC1C95004C51FA /* RecipeView.swift */,
				A95CBBCD2CCC877E004C51FA /* RecipeRow.swift */,
				A9ADFDE22CD15E980082B937 /* RecipeDetailView.swift */,
			);
			path = View;
			sourceTree = "<group>";
		};
		F5C0E2010655FF0979F6587F /* Frameworks */ = {
			isa = PBXGroup;
			children = (
				4647F7C2EEF3F5A5527A55F1 /* Pods_FetchRecipeApp.framework */,
			);
			name = Frameworks;
			sourceTree = "<group>";
		};
/* End PBXGroup section */

/* Begin PBXNativeTarget section */
		A95CBB782CCC18C8004C51FA /* FetchRecipeApp */ = {
			isa = PBXNativeTarget;
			buildConfigurationList = A95CBB9D2CCC18CA004C51FA /* Build configuration list for PBXNativeTarget "FetchRecipeApp" */;
			buildPhases = (
				8736B312BB060546BBF8A227 /* [CP] Check Pods Manifest.lock */,
				A95CBB752CCC18C8004C51FA /* Sources */,
				A95CBB762CCC18C8004C51FA /* Frameworks */,
				A95CBB772CCC18C8004C51FA /* Resources */,
				9FE879519CE71A3FAEE97B49 /* [CP] Embed Pods Frameworks */,
			);
			buildRules = (
			);
			dependencies = (
			);
			name = FetchRecipeApp;
			productName = FetchRecipeApp;
			productReference = A95CBB792CCC18C8004C51FA /* FetchRecipeApp.app */;
			productType = "com.apple.product-type.application";
		};
		A95CBB882CCC18CA004C51FA /* FetchRecipeAppTests */ = {
			isa = PBXNativeTarget;
			buildConfigurationList = A95CBBA02CCC18CA004C51FA /* Build configuration list for PBXNativeTarget "FetchRecipeAppTests" */;
			buildPhases = (
				A95CBB852CCC18CA004C51FA /* Sources */,
				A95CBB862CCC18CA004C51FA /* Frameworks */,
				A95CBB872CCC18CA004C51FA /* Resources */,
			);
			buildRules = (
			);
			dependencies = (
				A95CBB8B2CCC18CA004C51FA /* PBXTargetDependency */,
			);
			name = FetchRecipeAppTests;
			productName = FetchRecipeAppTests;
			productReference = A95CBB892CCC18CA004C51FA /* FetchRecipeAppTests.xctest */;
			productType = "com.apple.product-type.bundle.unit-test";
		};
/* End PBXNativeTarget section */

/* Begin PBXProject section */
		A95CBB712CCC18C8004C51FA /* Project object */ = {
			isa = PBXProject;
			attributes = {
				BuildIndependentTargetsInParallel = 1;
				LastSwiftUpdateCheck = 1600;
				LastUpgradeCheck = 1600;
				TargetAttributes = {
					A95CBB782CCC18C8004C51FA = {
						CreatedOnToolsVersion = 16.0;
					};
					A95CBB882CCC18CA004C51FA = {
						CreatedOnToolsVersion = 16.0;
						TestTargetID = A95CBB782CCC18C8004C51FA;
					};
				};
			};
			buildConfigurationList = A95CBB742CCC18C8004C51FA /* Build configuration list for PBXProject "FetchRecipeApp" */;
			compatibilityVersion = "Xcode 15.3";
			developmentRegion = en;
			hasScannedForEncodings = 0;
			knownRegions = (
				en,
				Base,
			);
			mainGroup = A95CBB702CCC18C8004C51FA;
			minimizedProjectReferenceProxies = 1;
			productRefGroup = A95CBB7A2CCC18C8004C51FA /* Products */;
			projectDirPath = "";
			projectRoot = "";
			targets = (
				A95CBB782CCC18C8004C51FA /* FetchRecipeApp */,
				A95CBB882CCC18CA004C51FA /* FetchRecipeAppTests */,
			);
		};
/* End PBXProject section */

/* Begin PBXResourcesBuildPhase section */
		A95CBB772CCC18C8004C51FA /* Resources */ = {
			isa = PBXResourcesBuildPhase;
			buildActionMask = 2147483647;
			files = (
				A95CBBBD2CCC1B0A004C51FA /* Preview Assets.xcassets in Resources */,
				A95CBBBE2CCC1B0A004C51FA /* Assets.xcassets in Resources */,
			);
			runOnlyForDeploymentPostprocessing = 0;
		};
		A95CBB872CCC18CA004C51FA /* Resources */ = {
			isa = PBXResourcesBuildPhase;
			buildActionMask = 2147483647;
			files = (
			);
			runOnlyForDeploymentPostprocessing = 0;
		};
/* End PBXResourcesBuildPhase section */

/* Begin PBXShellScriptBuildPhase section */
		8736B312BB060546BBF8A227 /* [CP] Check Pods Manifest.lock */ = {
			isa = PBXShellScriptBuildPhase;
			buildActionMask = 2147483647;
			files = (
			);
			inputFileListPaths = (
			);
			inputPaths = (
				"${PODS_PODFILE_DIR_PATH}/Podfile.lock",
				"${PODS_ROOT}/Manifest.lock",
			);
			name = "[CP] Check Pods Manifest.lock";
			outputFileListPaths = (
			);
			outputPaths = (
				"$(DERIVED_FILE_DIR)/Pods-FetchRecipeApp-checkManifestLockResult.txt",
			);
			runOnlyForDeploymentPostprocessing = 0;
			shellPath = /bin/sh;
			shellScript = "diff \"${PODS_PODFILE_DIR_PATH}/Podfile.lock\" \"${PODS_ROOT}/Manifest.lock\" > /dev/null\nif [ $? != 0 ] ; then\n    # print error to STDERR\n    echo \"error: The sandbox is not in sync with the Podfile.lock. Run 'pod install' or update your CocoaPods installation.\" >&2\n    exit 1\nfi\n# This output is used by Xcode 'outputs' to avoid re-running this script phase.\necho \"SUCCESS\" > \"${SCRIPT_OUTPUT_FILE_0}\"\n";
			showEnvVarsInLog = 0;
		};
		9FE879519CE71A3FAEE97B49 /* [CP] Embed Pods Frameworks */ = {
			isa = PBXShellScriptBuildPhase;
			buildActionMask = 2147483647;
			files = (
			);
			inputFileListPaths = (
				"${PODS_ROOT}/Target Support Files/Pods-FetchRecipeApp/Pods-FetchRecipeApp-frameworks-${CONFIGURATION}-input-files.xcfilelist",
			);
			name = "[CP] Embed Pods Frameworks";
			outputFileListPaths = (
				"${PODS_ROOT}/Target Support Files/Pods-FetchRecipeApp/Pods-FetchRecipeApp-frameworks-${CONFIGURATION}-output-files.xcfilelist",
			);
			runOnlyForDeploymentPostprocessing = 0;
			shellPath = /bin/sh;
			shellScript = "\"${PODS_ROOT}/Target Support Files/Pods-FetchRecipeApp/Pods-FetchRecipeApp-frameworks.sh\"\n";
			showEnvVarsInLog = 0;
		};
/* End PBXShellScriptBuildPhase section */

/* Begin PBXSourcesBuildPhase section */
		A95CBB752CCC18C8004C51FA /* Sources */ = {
			isa = PBXSourcesBuildPhase;
			buildActionMask = 2147483647;
			files = (
				A95CBBCA2CCC1C7C004C51FA /* RecipeViewModel.swift in Sources */,
				A95CBBBC2CCC1B0A004C51FA /* FetchRecipeApp.swift in Sources */,
				A95CBBC82CCC1C55004C51FA /* RecipeDataModel.swift in Sources */,
				A95CBBD22CCD4C63004C51FA /* ImageServiceAPI.swift in Sources */,
				A95CBBD02CCC9366004C51FA /* NewtorkServiceAPI.swift in Sources */,
				A95CBBCC2CCC1C95004C51FA /* RecipeView.swift in Sources */,
				A95CBBCE2CCC877E004C51FA /* RecipeRow.swift in Sources */,
				A9ADFDE32CD15E980082B937 /* RecipeDetailView.swift in Sources */,
			);
			runOnlyForDeploymentPostprocessing = 0;
		};
		A95CBB852CCC18CA004C51FA /* Sources */ = {
			isa = PBXSourcesBuildPhase;
			buildActionMask = 2147483647;
			files = (
				A95CBBC12CCC1B0D004C51FA /* FetchRecipeAppTests.swift in Sources */,
			);
			runOnlyForDeploymentPostprocessing = 0;
		};
/* End PBXSourcesBuildPhase section */

/* Begin PBXTargetDependency section */
		A95CBB8B2CCC18CA004C51FA /* PBXTargetDependency */ = {
			isa = PBXTargetDependency;
			target = A95CBB782CCC18C8004C51FA /* FetchRecipeApp */;
			targetProxy = A95CBB8A2CCC18CA004C51FA /* PBXContainerItemProxy */;
		};
/* End PBXTargetDependency section */

/* Begin XCBuildConfiguration section */
		A95CBB9B2CCC18CA004C51FA /* Debug */ = {
			isa = XCBuildConfiguration;
			buildSettings = {
				ALWAYS_SEARCH_USER_PATHS = NO;
				ASSETCATALOG_COMPILER_GENERATE_SWIFT_ASSET_SYMBOL_EXTENSIONS = YES;
				CLANG_ANALYZER_NONNULL = YES;
				CLANG_ANALYZER_NUMBER_OBJECT_CONVERSION = YES_AGGRESSIVE;
				CLANG_CXX_LANGUAGE_STANDARD = "gnu++20";
				CLANG_ENABLE_MODULES = YES;
				CLANG_ENABLE_OBJC_ARC = YES;
				CLANG_ENABLE_OBJC_WEAK = YES;
				CLANG_WARN_BLOCK_CAPTURE_AUTORELEASING = YES;
				CLANG_WARN_BOOL_CONVERSION = YES;
				CLANG_WARN_COMMA = YES;
				CLANG_WARN_CONSTANT_CONVERSION = YES;
				CLANG_WARN_DEPRECATED_OBJC_IMPLEMENTATIONS = YES;
				CLANG_WARN_DIRECT_OBJC_ISA_USAGE = YES_ERROR;
				CLANG_WARN_DOCUMENTATION_COMMENTS = YES;
				CLANG_WARN_EMPTY_BODY = YES;
				CLANG_WARN_ENUM_CONVERSION = YES;
				CLANG_WARN_INFINITE_RECURSION = YES;
				CLANG_WARN_INT_CONVERSION = YES;
				CLANG_WARN_NON_LITERAL_NULL_CONVERSION = YES;
				CLANG_WARN_OBJC_IMPLICIT_RETAIN_SELF = YES;
				CLANG_WARN_OBJC_LITERAL_CONVERSION = YES;
				CLANG_WARN_OBJC_ROOT_CLASS = YES_ERROR;
				CLANG_WARN_QUOTED_INCLUDE_IN_FRAMEWORK_HEADER = YES;
				CLANG_WARN_RANGE_LOOP_ANALYSIS = YES;
				CLANG_WARN_STRICT_PROTOTYPES = YES;
				CLANG_WARN_SUSPICIOUS_MOVE = YES;
				CLANG_WARN_UNGUARDED_AVAILABILITY = YES_AGGRESSIVE;
				CLANG_WARN_UNREACHABLE_CODE = YES;
				CLANG_WARN__DUPLICATE_METHOD_MATCH = YES;
				COPY_PHASE_STRIP = NO;
				DEBUG_INFORMATION_FORMAT = dwarf;
				ENABLE_STRICT_OBJC_MSGSEND = YES;
				ENABLE_TESTABILITY = YES;
				ENABLE_USER_SCRIPT_SANDBOXING = YES;
				GCC_C_LANGUAGE_STANDARD = gnu17;
				GCC_DYNAMIC_NO_PIC = NO;
				GCC_NO_COMMON_BLOCKS = YES;
				GCC_OPTIMIZATION_LEVEL = 0;
				GCC_PREPROCESSOR_DEFINITIONS = (
					"DEBUG=1",
					"$(inherited)",
				);
				GCC_WARN_64_TO_32_BIT_CONVERSION = YES;
				GCC_WARN_ABOUT_RETURN_TYPE = YES_ERROR;
				GCC_WARN_UNDECLARED_SELECTOR = YES;
				GCC_WARN_UNINITIALIZED_AUTOS = YES_AGGRESSIVE;
				GCC_WARN_UNUSED_FUNCTION = YES;
				GCC_WARN_UNUSED_VARIABLE = YES;
				IPHONEOS_DEPLOYMENT_TARGET = 18.0;
				LOCALIZATION_PREFERS_STRING_CATALOGS = YES;
				MTL_ENABLE_DEBUG_INFO = INCLUDE_SOURCE;
				MTL_FAST_MATH = YES;
				ONLY_ACTIVE_ARCH = YES;
				SDKROOT = iphoneos;
				SWIFT_ACTIVE_COMPILATION_CONDITIONS = "DEBUG $(inherited)";
				SWIFT_OPTIMIZATION_LEVEL = "-Onone";
			};
			name = Debug;
		};
		A95CBB9C2CCC18CA004C51FA /* Release */ = {
			isa = XCBuildConfiguration;
			buildSettings = {
				ALWAYS_SEARCH_USER_PATHS = NO;
				ASSETCATALOG_COMPILER_GENERATE_SWIFT_ASSET_SYMBOL_EXTENSIONS = YES;
				CLANG_ANALYZER_NONNULL = YES;
				CLANG_ANALYZER_NUMBER_OBJECT_CONVERSION = YES_AGGRESSIVE;
				CLANG_CXX_LANGUAGE_STANDARD = "gnu++20";
				CLANG_ENABLE_MODULES = YES;
				CLANG_ENABLE_OBJC_ARC = YES;
				CLANG_ENABLE_OBJC_WEAK = YES;
				CLANG_WARN_BLOCK_CAPTURE_AUTORELEASING = YES;
				CLANG_WARN_BOOL_CONVERSION = YES;
				CLANG_WARN_COMMA = YES;
				CLANG_WARN_CONSTANT_CONVERSION = YES;
				CLANG_WARN_DEPRECATED_OBJC_IMPLEMENTATIONS = YES;
				CLANG_WARN_DIRECT_OBJC_ISA_USAGE = YES_ERROR;
				CLANG_WARN_DOCUMENTATION_COMMENTS = YES;
				CLANG_WARN_EMPTY_BODY = YES;
				CLANG_WARN_ENUM_CONVERSION = YES;
				CLANG_WARN_INFINITE_RECURSION = YES;
				CLANG_WARN_INT_CONVERSION = YES;
				CLANG_WARN_NON_LITERAL_NULL_CONVERSION = YES;
				CLANG_WARN_OBJC_IMPLICIT_RETAIN_SELF = YES;
				CLANG_WARN_OBJC_LITERAL_CONVERSION = YES;
				CLANG_WARN_OBJC_ROOT_CLASS = YES_ERROR;
				CLANG_WARN_QUOTED_INCLUDE_IN_FRAMEWORK_HEADER = YES;
				CLANG_WARN_RANGE_LOOP_ANALYSIS = YES;
				CLANG_WARN_STRICT_PROTOTYPES = YES;
				CLANG_WARN_SUSPICIOUS_MOVE = YES;
				CLANG_WARN_UNGUARDED_AVAILABILITY = YES_AGGRESSIVE;
				CLANG_WARN_UNREACHABLE_CODE = YES;
				CLANG_WARN__DUPLICATE_METHOD_MATCH = YES;
				COPY_PHASE_STRIP = NO;
				DEBUG_INFORMATION_FORMAT = "dwarf-with-dsym";
				ENABLE_NS_ASSERTIONS = NO;
				ENABLE_STRICT_OBJC_MSGSEND = YES;
				ENABLE_USER_SCRIPT_SANDBOXING = YES;
				GCC_C_LANGUAGE_STANDARD = gnu17;
				GCC_NO_COMMON_BLOCKS = YES;
				GCC_WARN_64_TO_32_BIT_CONVERSION = YES;
				GCC_WARN_ABOUT_RETURN_TYPE = YES_ERROR;
				GCC_WARN_UNDECLARED_SELECTOR = YES;
				GCC_WARN_UNINITIALIZED_AUTOS = YES_AGGRESSIVE;
				GCC_WARN_UNUSED_FUNCTION = YES;
				GCC_WARN_UNUSED_VARIABLE = YES;
				IPHONEOS_DEPLOYMENT_TARGET = 18.0;
				LOCALIZATION_PREFERS_STRING_CATALOGS = YES;
				MTL_ENABLE_DEBUG_INFO = NO;
				MTL_FAST_MATH = YES;
				SDKROOT = iphoneos;
				SWIFT_COMPILATION_MODE = wholemodule;
				VALIDATE_PRODUCT = YES;
			};
			name = Release;
		};
		A95CBB9E2CCC18CA004C51FA /* Debug */ = {
			isa = XCBuildConfiguration;
			baseConfigurationReference = 17E687C66F62B40F82AEBCA2 /* Pods-FetchRecipeApp.debug.xcconfig */;
			buildSettings = {
				ASSETCATALOG_COMPILER_APPICON_NAME = AppIcon;
				ASSETCATALOG_COMPILER_GLOBAL_ACCENT_COLOR_NAME = AccentColor;
				CODE_SIGN_STYLE = Automatic;
				CURRENT_PROJECT_VERSION = 1;
				DEVELOPMENT_ASSET_PATHS = "\"FetchRecipeApp/Preview Content\"";
				DEVELOPMENT_TEAM = 6FNG5BEB4G;
				ENABLE_PREVIEWS = YES;
				ENABLE_USER_SCRIPT_SANDBOXING = NO;
				GENERATE_INFOPLIST_FILE = YES;
				INFOPLIST_KEY_UIApplicationSceneManifest_Generation = YES;
				INFOPLIST_KEY_UIApplicationSupportsIndirectInputEvents = YES;
				INFOPLIST_KEY_UILaunchScreen_Generation = YES;
				INFOPLIST_KEY_UISupportedInterfaceOrientations_iPad = "UIInterfaceOrientationPortrait UIInterfaceOrientationPortraitUpsideDown UIInterfaceOrientationLandscapeLeft UIInterfaceOrientationLandscapeRight";
				INFOPLIST_KEY_UISupportedInterfaceOrientations_iPhone = "UIInterfaceOrientationPortrait UIInterfaceOrientationLandscapeLeft UIInterfaceOrientationLandscapeRight";
				IPHONEOS_DEPLOYMENT_TARGET = 16.0;
				LD_RUNPATH_SEARCH_PATHS = (
					"$(inherited)",
					"@executable_path/Frameworks",
				);
				MARKETING_VERSION = 1.0;
				PRODUCT_BUNDLE_IDENTIFIER = Test.FetchRecipeApp;
				PRODUCT_NAME = "$(TARGET_NAME)";
				SWIFT_EMIT_LOC_STRINGS = YES;
				SWIFT_VERSION = 5.0;
				TARGETED_DEVICE_FAMILY = "1,2";
			};
			name = Debug;
		};
		A95CBB9F2CCC18CA004C51FA /* Release */ = {
			isa = XCBuildConfiguration;
			baseConfigurationReference = 8E242583B751B021F299C554 /* Pods-FetchRecipeApp.release.xcconfig */;
			buildSettings = {
				ASSETCATALOG_COMPILER_APPICON_NAME = AppIcon;
				ASSETCATALOG_COMPILER_GLOBAL_ACCENT_COLOR_NAME = AccentColor;
				CODE_SIGN_STYLE = Automatic;
				CURRENT_PROJECT_VERSION = 1;
				DEVELOPMENT_ASSET_PATHS = "\"FetchRecipeApp/Preview Content\"";
				DEVELOPMENT_TEAM = 6FNG5BEB4G;
				ENABLE_PREVIEWS = YES;
				ENABLE_USER_SCRIPT_SANDBOXING = NO;
				GENERATE_INFOPLIST_FILE = YES;
				INFOPLIST_KEY_UIApplicationSceneManifest_Generation = YES;
				INFOPLIST_KEY_UIApplicationSupportsIndirectInputEvents = YES;
				INFOPLIST_KEY_UILaunchScreen_Generation = YES;
				INFOPLIST_KEY_UISupportedInterfaceOrientations_iPad = "UIInterfaceOrientationPortrait UIInterfaceOrientationPortraitUpsideDown UIInterfaceOrientationLandscapeLeft UIInterfaceOrientationLandscapeRight";
				INFOPLIST_KEY_UISupportedInterfaceOrientations_iPhone = "UIInterfaceOrientationPortrait UIInterfaceOrientationLandscapeLeft UIInterfaceOrientationLandscapeRight";
				IPHONEOS_DEPLOYMENT_TARGET = 16.0;
				LD_RUNPATH_SEARCH_PATHS = (
					"$(inherited)",
					"@executable_path/Frameworks",
				);
				MARKETING_VERSION = 1.0;
				PRODUCT_BUNDLE_IDENTIFIER = Test.FetchRecipeApp;
				PRODUCT_NAME = "$(TARGET_NAME)";
				SWIFT_EMIT_LOC_STRINGS = YES;
				SWIFT_VERSION = 5.0;
				TARGETED_DEVICE_FAMILY = "1,2";
			};
			name = Release;
		};
		A95CBBA12CCC18CA004C51FA /* Debug */ = {
			isa = XCBuildConfiguration;
			buildSettings = {
				BUNDLE_LOADER = "$(TEST_HOST)";
				CODE_SIGN_STYLE = Automatic;
				CURRENT_PROJECT_VERSION = 1;
				DEVELOPMENT_TEAM = 6FNG5BEB4G;
				GENERATE_INFOPLIST_FILE = YES;
				IPHONEOS_DEPLOYMENT_TARGET = 16.0;
				MARKETING_VERSION = 1.0;
				PRODUCT_BUNDLE_IDENTIFIER = Test.FetchRecipeAppTests;
				PRODUCT_NAME = "$(TARGET_NAME)";
				SWIFT_EMIT_LOC_STRINGS = NO;
				SWIFT_VERSION = 5.0;
				TARGETED_DEVICE_FAMILY = "1,2";
				TEST_HOST = "$(BUILT_PRODUCTS_DIR)/FetchRecipeApp.app/$(BUNDLE_EXECUTABLE_FOLDER_PATH)/FetchRecipeApp";
			};
			name = Debug;
		};
		A95CBBA22CCC18CA004C51FA /* Release */ = {
			isa = XCBuildConfiguration;
			buildSettings = {
				BUNDLE_LOADER = "$(TEST_HOST)";
				CODE_SIGN_STYLE = Automatic;
				CURRENT_PROJECT_VERSION = 1;
				DEVELOPMENT_TEAM = 6FNG5BEB4G;
				GENERATE_INFOPLIST_FILE = YES;
				IPHONEOS_DEPLOYMENT_TARGET = 16.0;
				MARKETING_VERSION = 1.0;
				PRODUCT_BUNDLE_IDENTIFIER = Test.FetchRecipeAppTests;
				PRODUCT_NAME = "$(TARGET_NAME)";
				SWIFT_EMIT_LOC_STRINGS = NO;
				SWIFT_VERSION = 5.0;
				TARGETED_DEVICE_FAMILY = "1,2";
				TEST_HOST = "$(BUILT_PRODUCTS_DIR)/FetchRecipeApp.app/$(BUNDLE_EXECUTABLE_FOLDER_PATH)/FetchRecipeApp";
			};
			name = Release;
		};
/* End XCBuildConfiguration section */

/* Begin XCConfigurationList section */
		A95CBB742CCC18C8004C51FA /* Build configuration list for PBXProject "FetchRecipeApp" */ = {
			isa = XCConfigurationList;
			buildConfigurations = (
				A95CBB9B2CCC18CA004C51FA /* Debug */,
				A95CBB9C2CCC18CA004C51FA /* Release */,
			);
			defaultConfigurationIsVisible = 0;
			defaultConfigurationName = Release;
		};
		A95CBB9D2CCC18CA004C51FA /* Build configuration list for PBXNativeTarget "FetchRecipeApp" */ = {
			isa = XCConfigurationList;
			buildConfigurations = (
				A95CBB9E2CCC18CA004C51FA /* Debug */,
				A95CBB9F2CCC18CA004C51FA /* Release */,
			);
			defaultConfigurationIsVisible = 0;
			defaultConfigurationName = Release;
		};
		A95CBBA02CCC18CA004C51FA /* Build configuration list for PBXNativeTarget "FetchRecipeAppTests" */ = {
			isa = XCConfigurationList;
			buildConfigurations = (
				A95CBBA12CCC18CA004C51FA /* Debug */,
				A95CBBA22CCC18CA004C51FA /* Release */,
			);
			defaultConfigurationIsVisible = 0;
			defaultConfigurationName = Release;
		};
/* End XCConfigurationList section */
	};
	rootObject = A95CBB712CCC18C8004C51FA /* Project object */;
}
